// !$*UTF8*$!
{
	archiveVersion = 1;
	classes = {
	};
	objectVersion = 46;
	objects = {

/* Begin PBXBuildFile section */
		040EFD791CAC163000778918 /* AppDelegate.swift in Sources */ = {isa = PBXBuildFile; fileRef = 040EFD781CAC163000778918 /* AppDelegate.swift */; };
		040EFD7B1CAC163000778918 /* ViewController.swift in Sources */ = {isa = PBXBuildFile; fileRef = 040EFD7A1CAC163000778918 /* ViewController.swift */; };
		040EFD7E1CAC163000778918 /* Main.storyboard in Resources */ = {isa = PBXBuildFile; fileRef = 040EFD7C1CAC163000778918 /* Main.storyboard */; };
		040EFD801CAC163000778918 /* Assets.xcassets in Resources */ = {isa = PBXBuildFile; fileRef = 040EFD7F1CAC163000778918 /* Assets.xcassets */; };
		040EFD831CAC163000778918 /* LaunchScreen.storyboard in Resources */ = {isa = PBXBuildFile; fileRef = 040EFD811CAC163000778918 /* LaunchScreen.storyboard */; };
		040EFD8E1CAC163000778918 /* JasonShepherdMapAppTests.swift in Sources */ = {isa = PBXBuildFile; fileRef = 040EFD8D1CAC163000778918 /* JasonShepherdMapAppTests.swift */; };
		040EFD991CAC163000778918 /* JasonShepherdMapAppUITests.swift in Sources */ = {isa = PBXBuildFile; fileRef = 040EFD981CAC163000778918 /* JasonShepherdMapAppUITests.swift */; };
		040EFDA71CAC2D5E00778918 /* CoreLocation.framework in Frameworks */ = {isa = PBXBuildFile; fileRef = 040EFDA61CAC2D5E00778918 /* CoreLocation.framework */; };
/* End PBXBuildFile section */

/* Begin PBXContainerItemProxy section */
		040EFD8A1CAC163000778918 /* PBXContainerItemProxy */ = {
			isa = PBXContainerItemProxy;
			containerPortal = 040EFD6D1CAC163000778918 /* Project object */;
			proxyType = 1;
			remoteGlobalIDString = 040EFD741CAC163000778918;
			remoteInfo = JasonShepherdMapApp;
		};
		040EFD951CAC163000778918 /* PBXContainerItemProxy */ = {
			isa = PBXContainerItemProxy;
			containerPortal = 040EFD6D1CAC163000778918 /* Project object */;
			proxyType = 1;
			remoteGlobalIDString = 040EFD741CAC163000778918;
			remoteInfo = JasonShepherdMapApp;
		};
/* End PBXContainerItemProxy section */

/* Begin PBXFileReference section */
		040EFD751CAC163000778918 /* JasonShepherdMapApp.app */ = {isa = PBXFileReference; explicitFileType = wrapper.application; includeInIndex = 0; path = JasonShepherdMapApp.app; sourceTree = BUILT_PRODUCTS_DIR; };
		040EFD781CAC163000778918 /* AppDelegate.swift */ = {isa = PBXFileReference; lastKnownFileType = sourcecode.swift; path = AppDelegate.swift; sourceTree = "<group>"; };
		040EFD7A1CAC163000778918 /* ViewController.swift */ = {isa = PBXFileReference; lastKnownFileType = sourcecode.swift; path = ViewController.swift; sourceTree = "<group>"; };
		040EFD7D1CAC163000778918 /* Base */ = {isa = PBXFileReference; lastKnownFileType = file.storyboard; name = Base; path = Base.lproj/Main.storyboard; sourceTree = "<group>"; };
		040EFD7F1CAC163000778918 /* Assets.xcassets */ = {isa = PBXFileReference; lastKnownFileType = folder.assetcatalog; path = Assets.xcassets; sourceTree = "<group>"; };
		040EFD821CAC163000778918 /* Base */ = {isa = PBXFileReference; lastKnownFileType = file.storyboard; name = Base; path = Base.lproj/LaunchScreen.storyboard; sourceTree = "<group>"; };
		040EFD841CAC163000778918 /* Info.plist */ = {isa = PBXFileReference; lastKnownFileType = text.plist.xml; path = Info.plist; sourceTree = "<group>"; };
		040EFD891CAC163000778918 /* JasonShepherdMapAppTests.xctest */ = {isa = PBXFileReference; explicitFileType = wrapper.cfbundle; includeInIndex = 0; path = JasonShepherdMapAppTests.xctest; sourceTree = BUILT_PRODUCTS_DIR; };
		040EFD8D1CAC163000778918 /* JasonShepherdMapAppTests.swift */ = {isa = PBXFileReference; lastKnownFileType = sourcecode.swift; path = JasonShepherdMapAppTests.swift; sourceTree = "<group>"; };
		040EFD8F1CAC163000778918 /* Info.plist */ = {isa = PBXFileReference; lastKnownFileType = text.plist.xml; path = Info.plist; sourceTree = "<group>"; };
		040EFD941CAC163000778918 /* JasonShepherdMapAppUITests.xctest */ = {isa = PBXFileReference; explicitFileType = wrapper.cfbundle; includeInIndex = 0; path = JasonShepherdMapAppUITests.xctest; sourceTree = BUILT_PRODUCTS_DIR; };
		040EFD981CAC163000778918 /* JasonShepherdMapAppUITests.swift */ = {isa = PBXFileReference; lastKnownFileType = sourcecode.swift; path = JasonShepherdMapAppUITests.swift; sourceTree = "<group>"; };
		040EFD9A1CAC163000778918 /* Info.plist */ = {isa = PBXFileReference; lastKnownFileType = text.plist.xml; path = Info.plist; sourceTree = "<group>"; };
		040EFDA61CAC2D5E00778918 /* CoreLocation.framework */ = {isa = PBXFileReference; lastKnownFileType = wrapper.framework; name = CoreLocation.framework; path = System/Library/Frameworks/CoreLocation.framework; sourceTree = SDKROOT; };
/* End PBXFileReference section */

/* Begin PBXFrameworksBuildPhase section */
		040EFD721CAC163000778918 /* Frameworks */ = {
			isa = PBXFrameworksBuildPhase;
			buildActionMask = 2147483647;
			files = (
				040EFDA71CAC2D5E00778918 /* CoreLocation.framework in Frameworks */,
			);
			runOnlyForDeploymentPostprocessing = 0;
		};
		040EFD861CAC163000778918 /* Frameworks */ = {
			isa = PBXFrameworksBuildPhase;
			buildActionMask = 2147483647;
			files = (
			);
			runOnlyForDeploymentPostprocessing = 0;
		};
		040EFD911CAC163000778918 /* Frameworks */ = {
			isa = PBXFrameworksBuildPhase;
			buildActionMask = 2147483647;
			files = (
			);
			runOnlyForDeploymentPostprocessing = 0;
		};
/* End PBXFrameworksBuildPhase section */

/* Begin PBXGroup section */
		040EFD6C1CAC163000778918 = {
			isa = PBXGroup;
			children = (
				040EFDA61CAC2D5E00778918 /* CoreLocation.framework */,
				040EFD771CAC163000778918 /* JasonShepherdMapApp */,
				040EFD8C1CAC163000778918 /* JasonShepherdMapAppTests */,
				040EFD971CAC163000778918 /* JasonShepherdMapAppUITests */,
				040EFD761CAC163000778918 /* Products */,
			);
			sourceTree = "<group>";
		};
		040EFD761CAC163000778918 /* Products */ = {
			isa = PBXGroup;
			children = (
				040EFD751CAC163000778918 /* JasonShepherdMapApp.app */,
				040EFD891CAC163000778918 /* JasonShepherdMapAppTests.xctest */,
				040EFD941CAC163000778918 /* JasonShepherdMapAppUITests.xctest */,
			);
			name = Products;
			sourceTree = "<group>";
		};
		040EFD771CAC163000778918 /* JasonShepherdMapApp */ = {
			isa = PBXGroup;
			children = (
				040EFD781CAC163000778918 /* AppDelegate.swift */,
				040EFD7A1CAC163000778918 /* ViewController.swift */,
				040EFD7C1CAC163000778918 /* Main.storyboard */,
				040EFD7F1CAC163000778918 /* Assets.xcassets */,
				040EFD811CAC163000778918 /* LaunchScreen.storyboard */,
				040EFD841CAC163000778918 /* Info.plist */,
			);
			path = JasonShepherdMapApp;
			sourceTree = "<group>";
		};
		040EFD8C1CAC163000778918 /* JasonShepherdMapAppTests */ = {
			isa = PBXGroup;
			children = (
				040EFD8D1CAC163000778918 /* JasonShepherdMapAppTests.swift */,
				040EFD8F1CAC163000778918 /* Info.plist */,
			);
			path = JasonShepherdMapAppTests;
			sourceTree = "<group>";
		};
		040EFD971CAC163000778918 /* JasonShepherdMapAppUITests */ = {
			isa = PBXGroup;
			children = (
				040EFD981CAC163000778918 /* JasonShepherdMapAppUITests.swift */,
				040EFD9A1CAC163000778918 /* Info.plist */,
			);
			path = JasonShepherdMapAppUITests;
			sourceTree = "<group>";
		};
/* End PBXGroup section */

/* Begin PBXNativeTarget section */
		040EFD741CAC163000778918 /* JasonShepherdMapApp */ = {
			isa = PBXNativeTarget;
			buildConfigurationList = 040EFD9D1CAC163000778918 /* Build configuration list for PBXNativeTarget "JasonShepherdMapApp" */;
			buildPhases = (
				040EFD711CAC163000778918 /* Sources */,
				040EFD721CAC163000778918 /* Frameworks */,
				040EFD731CAC163000778918 /* Resources */,
			);
			buildRules = (
			);
			dependencies = (
			);
			name = JasonShepherdMapApp;
			productName = JasonShepherdMapApp;
			productReference = 040EFD751CAC163000778918 /* JasonShepherdMapApp.app */;
			productType = "com.apple.product-type.application";
		};
		040EFD881CAC163000778918 /* JasonShepherdMapAppTests */ = {
			isa = PBXNativeTarget;
			buildConfigurationList = 040EFDA01CAC163000778918 /* Build configuration list for PBXNativeTarget "JasonShepherdMapAppTests" */;
			buildPhases = (
				040EFD851CAC163000778918 /* Sources */,
				040EFD861CAC163000778918 /* Frameworks */,
				040EFD871CAC163000778918 /* Resources */,
			);
			buildRules = (
			);
			dependencies = (
				040EFD8B1CAC163000778918 /* PBXTargetDependency */,
			);
			name = JasonShepherdMapAppTests;
			productName = JasonShepherdMapAppTests;
			productReference = 040EFD891CAC163000778918 /* JasonShepherdMapAppTests.xctest */;
			productType = "com.apple.product-type.bundle.unit-test";
		};
		040EFD931CAC163000778918 /* JasonShepherdMapAppUITests */ = {
			isa = PBXNativeTarget;
			buildConfigurationList = 040EFDA31CAC163000778918 /* Build configuration list for PBXNativeTarget "JasonShepherdMapAppUITests" */;
			buildPhases = (
				040EFD901CAC163000778918 /* Sources */,
				040EFD911CAC163000778918 /* Frameworks */,
				040EFD921CAC163000778918 /* Resources */,
			);
			buildRules = (
			);
			dependencies = (
				040EFD961CAC163000778918 /* PBXTargetDependency */,
			);
			name = JasonShepherdMapAppUITests;
			productName = JasonShepherdMapAppUITests;
			productReference = 040EFD941CAC163000778918 /* JasonShepherdMapAppUITests.xctest */;
			productType = "com.apple.product-type.bundle.ui-testing";
		};
/* End PBXNativeTarget section */

/* Begin PBXProject section */
		040EFD6D1CAC163000778918 /* Project object */ = {
			isa = PBXProject;
			attributes = {
				LastSwiftUpdateCheck = 0730;
				LastUpgradeCheck = 0730;
				ORGANIZATIONNAME = "Salt Lake Community College";
				TargetAttributes = {
					040EFD741CAC163000778918 = {
						CreatedOnToolsVersion = 7.3;
					};
					040EFD881CAC163000778918 = {
						CreatedOnToolsVersion = 7.3;
						TestTargetID = 040EFD741CAC163000778918;
					};
					040EFD931CAC163000778918 = {
						CreatedOnToolsVersion = 7.3;
						TestTargetID = 040EFD741CAC163000778918;
					};
				};
			};
			buildConfigurationList = 040EFD701CAC163000778918 /* Build configuration list for PBXProject "JasonShepherdMapApp" */;
			compatibilityVersion = "Xcode 3.2";
			developmentRegion = English;
			hasScannedForEncodings = 0;
			knownRegions = (
				en,
				Base,
			);
			mainGroup = 040EFD6C1CAC163000778918;
			productRefGroup = 040EFD761CAC163000778918 /* Products */;
			projectDirPath = "";
			projectRoot = "";
			targets = (
				040EFD741CAC163000778918 /* JasonShepherdMapApp */,
				040EFD881CAC163000778918 /* JasonShepherdMapAppTests */,
				040EFD931CAC163000778918 /* JasonShepherdMapAppUITests */,
			);
		};
/* End PBXProject section */

/* Begin PBXResourcesBuildPhase section */
		040EFD731CAC163000778918 /* Resources */ = {
			isa = PBXResourcesBuildPhase;
			buildActionMask = 2147483647;
			files = (
				040EFD831CAC163000778918 /* LaunchScreen.storyboard in Resources */,
				040EFD801CAC163000778918 /* Assets.xcassets in Resources */,
				040EFD7E1CAC163000778918 /* Main.storyboard in Resources */,
			);
			runOnlyForDeploymentPostprocessing = 0;
		};
		040EFD871CAC163000778918 /* Resources */ = {
			isa = PBXResourcesBuildPhase;
			buildActionMask = 2147483647;
			files = (
			);
			runOnlyForDeploymentPostprocessing = 0;
		};
		040EFD921CAC163000778918 /* Resources */ = {
			isa = PBXResourcesBuildPhase;
			buildActionMask = 2147483647;
			files = (
			);
			runOnlyForDeploymentPostprocessing = 0;
		};
/* End PBXResourcesBuildPhase section */

/* Begin PBXSourcesBuildPhase section */
		040EFD711CAC163000778918 /* Sources */ = {
			isa = PBXSourcesBuildPhase;
			buildActionMask = 2147483647;
			files = (
				040EFD7B1CAC163000778918 /* ViewController.swift in Sources */,
				040EFD791CAC163000778918 /* AppDelegate.swift in Sources */,
			);
			runOnlyForDeploymentPostprocessing = 0;
		};
		040EFD851CAC163000778918 /* Sources */ = {
			isa = PBXSourcesBuildPhase;
			buildActionMask = 2147483647;
			files = (
				040EFD8E1CAC163000778918 /* JasonShepherdMapAppTests.swift in Sources */,
			);
			runOnlyForDeploymentPostprocessing = 0;
		};
		040EFD901CAC163000778918 /* Sources */ = {
			isa = PBXSourcesBuildPhase;
			buildActionMask = 2147483647;
			files = (
				040EFD991CAC163000778918 /* JasonShepherdMapAppUITests.swift in Sources */,
			);
			runOnlyForDeploymentPostprocessing = 0;
		};
/* End PBXSourcesBuildPhase section */

/* Begin PBXTargetDependency section */
		040EFD8B1CAC163000778918 /* PBXTargetDependency */ = {
			isa = PBXTargetDependency;
			target = 040EFD741CAC163000778918 /* JasonShepherdMapApp */;
			targetProxy = 040EFD8A1CAC163000778918 /* PBXContainerItemProxy */;
		};
		040EFD961CAC163000778918 /* PBXTargetDependency */ = {
			isa = PBXTargetDependency;
			target = 040EFD741CAC163000778918 /* JasonShepherdMapApp */;
			targetProxy = 040EFD951CAC163000778918 /* PBXContainerItemProxy */;
		};
/* End PBXTargetDependency section */

/* Begin PBXVariantGroup section */
		040EFD7C1CAC163000778918 /* Main.storyboard */ = {
			isa = PBXVariantGroup;
			children = (
				040EFD7D1CAC163000778918 /* Base */,
			);
			name = Main.storyboard;
			sourceTree = "<group>";
		};
		040EFD811CAC163000778918 /* LaunchScreen.storyboard */ = {
			isa = PBXVariantGroup;
			children = (
				040EFD821CAC163000778918 /* Base */,
			);
			name = LaunchScreen.storyboard;
			sourceTree = "<group>";
		};
/* End PBXVariantGroup section */

/* Begin XCBuildConfiguration section */
		040EFD9B1CAC163000778918 /* Debug */ = {
			isa = XCBuildConfiguration;
			buildSettings = {
				ALWAYS_SEARCH_USER_PATHS = NO;
				CLANG_ANALYZER_NONNULL = YES;
				CLANG_CXX_LANGUAGE_STANDARD = "gnu++0x";
				CLANG_CXX_LIBRARY = "libc++";
				CLANG_ENABLE_MODULES = YES;
				CLANG_ENABLE_OBJC_ARC = YES;
				CLANG_WARN_BOOL_CONVERSION = YES;
				CLANG_WARN_CONSTANT_CONVERSION = YES;
				CLANG_WARN_DIRECT_OBJC_ISA_USAGE = YES_ERROR;
				CLANG_WARN_EMPTY_BODY = YES;
				CLANG_WARN_ENUM_CONVERSION = YES;
				CLANG_WARN_INT_CONVERSION = YES;
				CLANG_WARN_OBJC_ROOT_CLASS = YES_ERROR;
				CLANG_WARN_UNREACHABLE_CODE = YES;
				CLANG_WARN__DUPLICATE_METHOD_MATCH = YES;
				"CODE_SIGN_IDENTITY[sdk=iphoneos*]" = "iPhone Developer";
				COPY_PHASE_STRIP = NO;
				DEBUG_INFORMATION_FORMAT = dwarf;
				ENABLE_STRICT_OBJC_MSGSEND = YES;
				ENABLE_TESTABILITY = YES;
				GCC_C_LANGUAGE_STANDARD = gnu99;
				GCC_DYNAMIC_NO_PIC = NO;
				GCC_NO_COMMON_BLOCKS = YES;
				GCC_OPTIMIZATION_LEVEL = 0;
				GCC_PREPROCESSOR_DEFINITIONS = (
					"DEBUG=1",
					"$(inherited)",
				);
				GCC_WARN_64_TO_32_BIT_CONVERSION = YES;
				GCC_WARN_ABOUT_RETURN_TYPE = YES_ERROR;
				GCC_WARN_UNDECLARED_SELECTOR = YES;
				GCC_WARN_UNINITIALIZED_AUTOS = YES_AGGRESSIVE;
				GCC_WARN_UNUSED_FUNCTION = YES;
				GCC_WARN_UNUSED_VARIABLE = YES;
				IPHONEOS_DEPLOYMENT_TARGET = 9.3;
				MTL_ENABLE_DEBUG_INFO = YES;
				ONLY_ACTIVE_ARCH = YES;
				SDKROOT = iphoneos;
				SWIFT_OPTIMIZATION_LEVEL = "-Onone";
			};
			name = Debug;
		};
		040EFD9C1CAC163000778918 /* Release */ = {
			isa = XCBuildConfiguration;
			buildSettings = {
				ALWAYS_SEARCH_USER_PATHS = NO;
				CLANG_ANALYZER_NONNULL = YES;
				CLANG_CXX_LANGUAGE_STANDARD = "gnu++0x";
				CLANG_CXX_LIBRARY = "libc++";
				CLANG_ENABLE_MODULES = YES;
				CLANG_ENABLE_OBJC_ARC = YES;
				CLANG_WARN_BOOL_CONVERSION = YES;
				CLANG_WARN_CONSTANT_CONVERSION = YES;
				CLANG_WARN_DIRECT_OBJC_ISA_USAGE = YES_ERROR;
				CLANG_WARN_EMPTY_BODY = YES;
				CLANG_WARN_ENUM_CONVERSION = YES;
				CLANG_WARN_INT_CONVERSION = YES;
				CLANG_WARN_OBJC_ROOT_CLASS = YES_ERROR;
				CLANG_WARN_UNREACHABLE_CODE = YES;
				CLANG_WARN__DUPLICATE_METHOD_MATCH = YES;
				"CODE_SIGN_IDENTITY[sdk=iphoneos*]" = "iPhone Developer";
				COPY_PHASE_STRIP = NO;
				DEBUG_INFORMATION_FORMAT = "dwarf-with-dsym";
				ENABLE_NS_ASSERTIONS = NO;
				ENABLE_STRICT_OBJC_MSGSEND = YES;
				GCC_C_LANGUAGE_STANDARD = gnu99;
				GCC_NO_COMMON_BLOCKS = YES;
				GCC_WARN_64_TO_32_BIT_CONVERSION = YES;
				GCC_WARN_ABOUT_RETURN_TYPE = YES_ERROR;
				GCC_WARN_UNDECLARED_SELECTOR = YES;
				GCC_WARN_UNINITIALIZED_AUTOS = YES_AGGRESSIVE;
				GCC_WARN_UNUSED_FUNCTION = YES;
				GCC_WARN_UNUSED_VARIABLE = YES;
				IPHONEOS_DEPLOYMENT_TARGET = 9.3;
				MTL_ENABLE_DEBUG_INFO = NO;
				SDKROOT = iphoneos;
				VALIDATE_PRODUCT = YES;
			};
			name = Release;
		};
		040EFD9E1CAC163000778918 /* Debug */ = {
			isa = XCBuildConfiguration;
			buildSettings = {
				ASSETCATALOG_COMPILER_APPICON_NAME = AppIcon;
				INFOPLIST_FILE = JasonShepherdMapApp/Info.plist;
				IPHONEOS_DEPLOYMENT_TARGET = 8.0;
				LD_RUNPATH_SEARCH_PATHS = "$(inherited) @executable_path/Frameworks";
				PRODUCT_BUNDLE_IDENTIFIER = edu.slcc.csis2640.JasonShepherdMapApp;
				PRODUCT_NAME = "$(TARGET_NAME)";
			};
			name = Debug;
		};
		040EFD9F1CAC163000778918 /* Release */ = {
			isa = XCBuildConfiguration;
			buildSettings = {
				ASSETCATALOG_COMPILER_APPICON_NAME = AppIcon;
				INFOPLIST_FILE = JasonShepherdMapApp/Info.plist;
				IPHONEOS_DEPLOYMENT_TARGET = 8.0;
				LD_RUNPATH_SEARCH_PATHS = "$(inherited) @executable_path/Frameworks";
				PRODUCT_BUNDLE_IDENTIFIER = edu.slcc.csis2640.JasonShepherdMapApp;
				PRODUCT_NAME = "$(TARGET_NAME)";
			};
			name = Release;
		};
		040EFDA11CAC163000778918 /* Debug */ = {
			isa = XCBuildConfiguration;
			buildSettings = {
				BUNDLE_LOADER = "$(TEST_HOST)";
				INFOPLIST_FILE = JasonShepherdMapAppTests/Info.plist;
				LD_RUNPATH_SEARCH_PATHS = "$(inherited) @executable_path/Frameworks @loader_path/Frameworks";
				PRODUCT_BUNDLE_IDENTIFIER = edu.slcc.csis2640.JasonShepherdMapAppTests;
				PRODUCT_NAME = "$(TARGET_NAME)";
				TEST_HOST = "$(BUILT_PRODUCTS_DIR)/JasonShepherdMapApp.app/JasonShepherdMapApp";
			};
			name = Debug;
		};
		040EFDA21CAC163000778918 /* Release */ = {
			isa = XCBuildConfiguration;
			buildSettings = {
				BUNDLE_LOADER = "$(TEST_HOST)";
				INFOPLIST_FILE = JasonShepherdMapAppTests/Info.plist;
				LD_RUNPATH_SEARCH_PATHS = "$(inherited) @executable_path/Frameworks @loader_path/Frameworks";
				PRODUCT_BUNDLE_IDENTIFIER = edu.slcc.csis2640.JasonShepherdMapAppTests;
				PRODUCT_NAME = "$(TARGET_NAME)";
				TEST_HOST = "$(BUILT_PRODUCTS_DIR)/JasonShepherdMapApp.app/JasonShepherdMapApp";
			};
			name = Release;
		};
		040EFDA41CAC163000778918 /* Debug */ = {
			isa = XCBuildConfiguration;
			buildSettings = {
				INFOPLIST_FILE = JasonShepherdMapAppUITests/Info.plist;
				LD_RUNPATH_SEARCH_PATHS = "$(inherited) @executable_path/Frameworks @loader_path/Frameworks";
				PRODUCT_BUNDLE_IDENTIFIER = edu.slcc.csis2640.JasonShepherdMapAppUITests;
				PRODUCT_NAME = "$(TARGET_NAME)";
				TEST_TARGET_NAME = JasonShepherdMapApp;
			};
			name = Debug;
		};
		040EFDA51CAC163000778918 /* Release */ = {
			isa = XCBuildConfiguration;
			buildSettings = {
				INFOPLIST_FILE = JasonShepherdMapAppUITests/Info.plist;
				LD_RUNPATH_SEARCH_PATHS = "$(inherited) @executable_path/Frameworks @loader_path/Frameworks";
				PRODUCT_BUNDLE_IDENTIFIER = edu.slcc.csis2640.JasonShepherdMapAppUITests;
				PRODUCT_NAME = "$(TARGET_NAME)";
				TEST_TARGET_NAME = JasonShepherdMapApp;
			};
			name = Release;
		};
/* End XCBuildConfiguration section */

/* Begin XCConfigurationList section */
		040EFD701CAC163000778918 /* Build configuration list for PBXProject "JasonShepherdMapApp" */ = {
			isa = XCConfigurationList;
			buildConfigurations = (
				040EFD9B1CAC163000778918 /* Debug */,
				040EFD9C1CAC163000778918 /* Release */,
			);
			defaultConfigurationIsVisible = 0;
			defaultConfigurationName = Release;
		};
		040EFD9D1CAC163000778918 /* Build configuration list for PBXNativeTarget "JasonShepherdMapApp" */ = {
			isa = XCConfigurationList;
			buildConfigurations = (
				040EFD9E1CAC163000778918 /* Debug */,
				040EFD9F1CAC163000778918 /* Release */,
			);
			defaultConfigurationIsVisible = 0;
		};
		040EFDA01CAC163000778918 /* Build configuration list for PBXNativeTarget "JasonShepherdMapAppTests" */ = {
			isa = XCConfigurationList;
			buildConfigurations = (
				040EFDA11CAC163000778918 /* Debug */,
				040EFDA21CAC163000778918 /* Release */,
			);
			defaultConfigurationIsVisible = 0;
		};
		040EFDA31CAC163000778918 /* Build configuration list for PBXNativeTarget "JasonShepherdMapAppUITests" */ = {
			isa = XCConfigurationList;
			buildConfigurations = (
				040EFDA41CAC163000778918 /* Debug */,
				040EFDA51CAC163000778918 /* Release */,
			);
			defaultConfigurationIsVisible = 0;
		};
/* End XCConfigurationList section */
	};
	rootObject = 040EFD6D1CAC163000778918 /* Project object */;
}
